
Microsoft Visual Studio Solution File, Format Version 12.00
Project("{FAE04EC0-301F-11D3-BF4B-00C04F79EFBC}") = "DataAccessLibrary", "DataAccessLibrary\DataAccessLibrary.csproj", "{D45D070D-C591-4DEA-A0C8-21FE070E0CFF}"
EndProject
Project("{FAE04EC0-301F-11D3-BF4B-00C04F79EFBC}") = "CoralCoastResort.Web", "CoralCoastResort.Web\CoralCoastResort.Web.csproj", "{E5E0876C-5456-444E-89B8-B4E268D88C18}"
EndProject
Global
	GlobalSection(SolutionConfigurationPlatforms) = preSolution
		Debug|Any CPU = Debug|Any CPU
		Release|Any CPU = Release|Any CPU
	EndGlobalSection
	GlobalSection(ProjectConfigurationPlatforms) = postSolution
		{D45D070D-C591-4DEA-A0C8-21FE070E0CFF}.Debug|Any CPU.ActiveCfg = Debug|Any CPU
		{D45D070D-C591-4DEA-A0C8-21FE070E0CFF}.Debug|Any CPU.Build.0 = Debug|Any CPU
		{D45D070D-C591-4DEA-A0C8-21FE070E0CFF}.Release|Any CPU.ActiveCfg = Release|Any CPU
		{D45D070D-C591-4DEA-A0C8-21FE070E0CFF}.Release|Any CPU.Build.0 = Release|Any CPU
		{E5E0876C-5456-444E-89B8-B4E268D88C18}.Debug|Any CPU.ActiveCfg = Debug|Any CPU
		{E5E0876C-5456-444E-89B8-B4E268D88C18}.Debug|Any CPU.Build.0 = Debug|Any CPU
		{E5E0876C-5456-444E-89B8-B4E268D88C18}.Release|Any CPU.ActiveCfg = Release|Any CPU
		{E5E0876C-5456-444E-89B8-B4E268D88C18}.Release|Any CPU.Build.0 = Release|Any CPU
	EndGlobalSection
EndGlobal
